
Microsoft Visual Studio Solution File, Format Version 12.00
# Visual Studio Version 16
VisualStudioVersion = 16.0.30011.22
MinimumVisualStudioVersion = 10.0.40219.1
Project("{159641D6-6404-4A2A-AE62-294DE0FE8301}") = "Integration", "Integration\Integration.dtproj", "{D89ECA8D-8374-4321-83B6-9F8C2C8F4FE7}"
EndProject
Global
	GlobalSection(SolutionConfigurationPlatforms) = preSolution
		Development|Default = Development|Default
	EndGlobalSection
	GlobalSection(ProjectConfigurationPlatforms) = postSolution
		{D89ECA8D-8374-4321-83B6-9F8C2C8F4FE7}.Development|Default.ActiveCfg = Development
		{D89ECA8D-8374-4321-83B6-9F8C2C8F4FE7}.Development|Default.Build.0 = Development
	EndGlobalSection
	GlobalSection(SolutionProperties) = preSolution
		HideSolutionNode = FALSE
	EndGlobalSection
	GlobalSection(ExtensibilityGlobals) = postSolution
		SolutionGuid = {43895CC9-684C-4297-A2C6-67EF73F83EAC}
	EndGlobalSection
EndGlobal
